
Microsoft Visual Studio Solution File, Format Version 12.00
# Visual Studio Version 16
VisualStudioVersion = 16.0.30523.141
MinimumVisualStudioVersion = 10.0.40219.1
Project("{9A19103F-16F7-4668-BE54-9A1E7A4F7556}") = "Service", "Service\Service.csproj", "{35956D89-EA24-4B1E-9D52-D03CFEBE2BF4}"
EndProject
Project("{9A19103F-16F7-4668-BE54-9A1E7A4F7556}") = "Worker", "Worker\Worker.csproj", "{A352A93F-6B22-4B0B-9BD7-A71512426C6A}"
EndProject
Project("{FAE04EC0-301F-11D3-BF4B-00C04F79EFBC}") = "DataAccess", "DataAccess\DataAccess.csproj", "{9AD5A919-637A-4A4C-9EA0-BAE689AB229E}"
EndProject
Global
	GlobalSection(SolutionConfigurationPlatforms) = preSolution
		Debug|Any CPU = Debug|Any CPU
		Release|Any CPU = Release|Any CPU
	EndGlobalSection
	GlobalSection(ProjectConfigurationPlatforms) = postSolution
		{35956D89-EA24-4B1E-9D52-D03CFEBE2BF4}.Debug|Any CPU.ActiveCfg = Debug|Any CPU
		{35956D89-EA24-4B1E-9D52-D03CFEBE2BF4}.Debug|Any CPU.Build.0 = Debug|Any CPU
		{35956D89-EA24-4B1E-9D52-D03CFEBE2BF4}.Release|Any CPU.ActiveCfg = Release|Any CPU
		{35956D89-EA24-4B1E-9D52-D03CFEBE2BF4}.Release|Any CPU.Build.0 = Release|Any CPU
		{A352A93F-6B22-4B0B-9BD7-A71512426C6A}.Debug|Any CPU.ActiveCfg = Debug|Any CPU
		{A352A93F-6B22-4B0B-9BD7-A71512426C6A}.Debug|Any CPU.Build.0 = Debug|Any CPU
		{A352A93F-6B22-4B0B-9BD7-A71512426C6A}.Release|Any CPU.ActiveCfg = Release|Any CPU
		{A352A93F-6B22-4B0B-9BD7-A71512426C6A}.Release|Any CPU.Build.0 = Release|Any CPU
		{9AD5A919-637A-4A4C-9EA0-BAE689AB229E}.Debug|Any CPU.ActiveCfg = Debug|Any CPU
		{9AD5A919-637A-4A4C-9EA0-BAE689AB229E}.Debug|Any CPU.Build.0 = Debug|Any CPU
		{9AD5A919-637A-4A4C-9EA0-BAE689AB229E}.Release|Any CPU.ActiveCfg = Release|Any CPU
		{9AD5A919-637A-4A4C-9EA0-BAE689AB229E}.Release|Any CPU.Build.0 = Release|Any CPU
	EndGlobalSection
	GlobalSection(SolutionProperties) = preSolution
		HideSolutionNode = FALSE
	EndGlobalSection
	GlobalSection(ExtensibilityGlobals) = postSolution
		SolutionGuid = {4CB6E4AB-E103-49E4-B0F5-619FE194A2BA}
	EndGlobalSection
EndGlobal
